# Generated by conda-lock.
# platform: linux-64
# input_hash: beedd71b5e74dc42ed60683a1d67d98dc1d0ab2c0ea6df3dd7c382d03190aa4a
@EXPLICIT
https://conda.anaconda.org/conda-forge/linux-64/_libgcc_mutex-0.1-conda_forge.tar.bz2#d7c89558ba9fa0495403155b64376d81
https://conda.anaconda.org/conda-forge/linux-64/ca-certificates-2025.1.31-hbcca054_0.conda#19f3a56f68d2fd06c516076bff482c52
https://conda.anaconda.org/conda-forge/linux-64/libgomp-14.2.0-h77fa898_1.conda#cc3573974587f12dda90d96e3e55a702
https://conda.anaconda.org/conda-forge/linux-64/_openmp_mutex-4.5-2_gnu.tar.bz2#73aaf86a425cc6e73fcf236a5a46396d
https://conda.anaconda.org/conda-forge/linux-64/libgcc-14.2.0-h77fa898_1.conda#3cb76c3f10d3bc7f1105b2fc9db984df
https://conda.anaconda.org/conda-forge/linux-64/gettext-tools-0.23.1-h5888daf_0.conda#2f659535feef3cfb782f7053c8775a32
https://conda.anaconda.org/conda-forge/linux-64/libgcc-ng-14.2.0-h69a702a_1.conda#e39480b9ca41323497b05492a63bc35b
https://conda.anaconda.org/conda-forge/linux-64/libgettextpo-0.23.1-h5888daf_0.conda#a09ce5decdef385bcce78c32809fa794
https://conda.anaconda.org/conda-forge/linux-64/liblzma-5.6.4-hb9d3cd8_0.conda#42d5b6a0f30d3c10cd88cb8584fda1cb
https://conda.anaconda.org/conda-forge/linux-64/libstdcxx-14.2.0-hc0a3c3a_1.conda#234a5554c53625688d51062645337328
https://conda.anaconda.org/conda-forge/linux-64/ncurses-6.5-h2d0b736_3.conda#47e340acb35de30501a76c7c799c41d7
https://conda.anaconda.org/conda-forge/linux-64/bzip2-1.0.8-h4bc722e_7.conda#62ee74e96c5ebb0af99386de58cf9553
https://conda.anaconda.org/bioconda/linux-64/c-ares-1.11.0-h470a237_1.tar.bz2#cd621a5a302e401429e1ba2157082bb6
https://conda.anaconda.org/conda-forge/linux-64/libasprintf-0.23.1-h8e693c7_0.conda#988f4937281a66ca19d1adb3b5e3f859
https://conda.anaconda.org/conda-forge/linux-64/libgettextpo-devel-0.23.1-h5888daf_0.conda#7a5d5c245a6807deab87558e9efd3ef0
https://conda.anaconda.org/conda-forge/linux-64/libiconv-1.17-hd590300_2.conda#d66573916ffcf376178462f1b61c941e
https://conda.anaconda.org/conda-forge/linux-64/liblzma-devel-5.6.4-hb9d3cd8_0.conda#5ab1a0df19c8f3ec00d5e63458e0a420
https://conda.anaconda.org/conda-forge/linux-64/libstdcxx-ng-14.2.0-h4852527_1.conda#8371ac6457591af2cf6159439c1fd051
https://conda.anaconda.org/conda-forge/linux-64/libunistring-0.9.10-h7f98852_0.tar.bz2#7245a044b4a1980ed83196176b78b73a
https://conda.anaconda.org/conda-forge/linux-64/libxcrypt-4.4.36-hd590300_1.conda#5aa797f8787fe7a17d1b0821485b5adc
https://conda.anaconda.org/conda-forge/linux-64/libzlib-1.2.13-h4ab18f5_6.conda#27329162c0dc732bcf67a4e0cd488125
https://conda.anaconda.org/conda-forge/linux-64/openssl-1.1.1w-hd590300_0.conda#301e70057a3bd399640bb16bbdf87995
https://conda.anaconda.org/conda-forge/linux-64/readline-8.2-h8228510_1.conda#47d31b792659ce70f470b5c82fdfb7a4
https://conda.anaconda.org/conda-forge/linux-64/xz-gpl-tools-5.6.4-hbcc6ac9_0.conda#246840b451f7a66bd68869e56b066dd5
https://conda.anaconda.org/conda-forge/linux-64/xz-tools-5.6.4-hb9d3cd8_0.conda#a098f9f949af52610fdceb8e35b57513
https://conda.anaconda.org/conda-forge/linux-64/gmp-6.3.0-hac33072_2.conda#c94a5994ef49749880a8139cf9afcbe1
https://conda.anaconda.org/conda-forge/linux-64/icu-73.2-h59595ed_0.conda#cc47e1facc155f91abd89b11e48e72ff
https://conda.anaconda.org/conda-forge/linux-64/libasprintf-devel-0.23.1-h8e693c7_0.conda#2827e722a963b779ce878ef9b5474534
https://conda.anaconda.org/conda-forge/linux-64/libsqlite-3.46.0-hde9e2c9_0.conda#18aa975d2094c34aef978060ae7da7d8
https://conda.anaconda.org/conda-forge/linux-64/libssh2-1.10.0-haa6b8db_3.tar.bz2#89acee135f0809a18a1f4537390aa2dd
https://conda.anaconda.org/conda-forge/linux-64/perl-5.32.1-7_hd590300_perl5.conda#f2cfec9406850991f4e3d960cc9e3321
https://conda.anaconda.org/conda-forge/linux-64/xz-5.6.4-hbcc6ac9_0.conda#bb511c87804cf7220246a3a6efc45c22
https://conda.anaconda.org/conda-forge/linux-64/zlib-1.2.13-h4ab18f5_6.conda#559d338a4234c2ad6e676f460a093e67
https://conda.anaconda.org/conda-forge/linux-64/gettext-0.23.1-h5888daf_0.conda#0754038c806eae440582da1c3af85577
https://conda.anaconda.org/conda-forge/linux-64/libxml2-2.12.7-hc051c1a_1.conda#340278ded8b0dc3a73f3660bbb0adbc6
https://conda.anaconda.org/conda-forge/linux-64/mpfr-4.2.1-h90cbb55_3.conda#2eeb50cab6652538eee8fc0bc3340c81
https://conda.anaconda.org/conda-forge/linux-64/sqlite-3.46.0-h6d4b2fc_0.conda#77ea8dff5cf8550cc8f5629a6af56323
https://conda.anaconda.org/bioconda/linux-64/aria2-1.23.0-0.tar.bz2#7c24f2f3920690dc3fb409cd794a7319
https://conda.anaconda.org/conda-forge/linux-64/gawk-5.3.1-hcd3d067_0.conda#91d4414ab699180b2b0b10b8112c5a2f
https://conda.anaconda.org/conda-forge/linux-64/libidn2-2.3.7-hd590300_0.conda#2b7b0d827c6447cc1d85dc06d5b5de46
https://conda.anaconda.org/conda-forge/linux-64/wget-1.20.3-ha56f1ee_1.tar.bz2#674f6b42484dbfd11906c3b0a93585e9
https://conda.anaconda.org/bioconda/linux-64/mmseqs2-15.6f452-pl5321h6a68c12_3.tar.bz2#2684e9dbf0933349c4d768ccc9ad0829
